
Microsoft Visual Studio Solution File, Format Version 12.00
# Visual Studio Version 16
VisualStudioVersion = 16.0.30621.155
MinimumVisualStudioVersion = 10.0.40219.1
Project("{FAE04EC0-301F-11D3-BF4B-00C04F79EFBC}") = "SherlockAndTheValidString", "SherlockAndTheValidString\SherlockAndTheValidString.csproj", "{526253E4-034A-4568-B855-ADC98E0DF72D}"
EndProject
Global
	GlobalSection(SolutionConfigurationPlatforms) = preSolution
		Debug|Any CPU = Debug|Any CPU
		Release|Any CPU = Release|Any CPU
	EndGlobalSection
	GlobalSection(ProjectConfigurationPlatforms) = postSolution
		{526253E4-034A-4568-B855-ADC98E0DF72D}.Debug|Any CPU.ActiveCfg = Debug|Any CPU
		{526253E4-034A-4568-B855-ADC98E0DF72D}.Debug|Any CPU.Build.0 = Debug|Any CPU
		{526253E4-034A-4568-B855-ADC98E0DF72D}.Release|Any CPU.ActiveCfg = Release|Any CPU
		{526253E4-034A-4568-B855-ADC98E0DF72D}.Release|Any CPU.Build.0 = Release|Any CPU
	EndGlobalSection
	GlobalSection(SolutionProperties) = preSolution
		HideSolutionNode = FALSE
	EndGlobalSection
	GlobalSection(ExtensibilityGlobals) = postSolution
		SolutionGuid = {216FBA62-A437-4F2F-BF4B-0CCB5B3DEFA2}
	EndGlobalSection
EndGlobal
